
Microsoft Visual Studio Solution File, Format Version 12.00
# Visual Studio Version 16
VisualStudioVersion = 16.0.30804.86
MinimumVisualStudioVersion = 10.0.40219.1
Project("{2150E333-8FDC-42A3-9474-1A3956D46DE8}") = "Core", "Core", "{2F1101EC-1AE4-4ABE-B048-7B3BEABE3C0D}"
EndProject
Project("{2150E333-8FDC-42A3-9474-1A3956D46DE8}") = "Infrastructure", "Infrastructure", "{4554FD40-9B1F-4221-B37C-72228286FB59}"
EndProject
Project("{2150E333-8FDC-42A3-9474-1A3956D46DE8}") = "Presentation", "Presentation", "{1DCBB779-BAE0-48CF-AA74-CD4B4762D708}"
EndProject
Project("{9A19103F-16F7-4668-BE54-9A1E7A4F7556}") = "Domain", "Domain\Domain.csproj", "{4EA9DFA4-B741-4989-96E3-9D8F3EF9F849}"
EndProject
Project("{9A19103F-16F7-4668-BE54-9A1E7A4F7556}") = "Application", "Application\Application.csproj", "{9A5F9AB4-D9F7-4719-A736-1C9D82D10AC3}"
EndProject
Project("{FAE04EC0-301F-11D3-BF4B-00C04F79EFBC}") = "Persistence", "Persistence\Persistence.csproj", "{947F9430-C645-490E-A16F-3A9A71D4E885}"
EndProject
Project("{FAE04EC0-301F-11D3-BF4B-00C04F79EFBC}") = "WebApi", "WebApi\WebApi.csproj", "{A2C70565-AEDF-4DFF-99BF-30477DFB6B27}"
EndProject
Global
	GlobalSection(SolutionConfigurationPlatforms) = preSolution
		Debug|Any CPU = Debug|Any CPU
		Release|Any CPU = Release|Any CPU
	EndGlobalSection
	GlobalSection(ProjectConfigurationPlatforms) = postSolution
		{4EA9DFA4-B741-4989-96E3-9D8F3EF9F849}.Debug|Any CPU.ActiveCfg = Debug|Any CPU
		{4EA9DFA4-B741-4989-96E3-9D8F3EF9F849}.Debug|Any CPU.Build.0 = Debug|Any CPU
		{4EA9DFA4-B741-4989-96E3-9D8F3EF9F849}.Release|Any CPU.ActiveCfg = Release|Any CPU
		{4EA9DFA4-B741-4989-96E3-9D8F3EF9F849}.Release|Any CPU.Build.0 = Release|Any CPU
		{9A5F9AB4-D9F7-4719-A736-1C9D82D10AC3}.Debug|Any CPU.ActiveCfg = Debug|Any CPU
		{9A5F9AB4-D9F7-4719-A736-1C9D82D10AC3}.Debug|Any CPU.Build.0 = Debug|Any CPU
		{9A5F9AB4-D9F7-4719-A736-1C9D82D10AC3}.Release|Any CPU.ActiveCfg = Release|Any CPU
		{9A5F9AB4-D9F7-4719-A736-1C9D82D10AC3}.Release|Any CPU.Build.0 = Release|Any CPU
		{947F9430-C645-490E-A16F-3A9A71D4E885}.Debug|Any CPU.ActiveCfg = Debug|Any CPU
		{947F9430-C645-490E-A16F-3A9A71D4E885}.Debug|Any CPU.Build.0 = Debug|Any CPU
		{947F9430-C645-490E-A16F-3A9A71D4E885}.Release|Any CPU.ActiveCfg = Release|Any CPU
		{947F9430-C645-490E-A16F-3A9A71D4E885}.Release|Any CPU.Build.0 = Release|Any CPU
		{A2C70565-AEDF-4DFF-99BF-30477DFB6B27}.Debug|Any CPU.ActiveCfg = Debug|Any CPU
		{A2C70565-AEDF-4DFF-99BF-30477DFB6B27}.Debug|Any CPU.Build.0 = Debug|Any CPU
		{A2C70565-AEDF-4DFF-99BF-30477DFB6B27}.Release|Any CPU.ActiveCfg = Release|Any CPU
		{A2C70565-AEDF-4DFF-99BF-30477DFB6B27}.Release|Any CPU.Build.0 = Release|Any CPU
	EndGlobalSection
	GlobalSection(SolutionProperties) = preSolution
		HideSolutionNode = FALSE
	EndGlobalSection
	GlobalSection(NestedProjects) = preSolution
		{4EA9DFA4-B741-4989-96E3-9D8F3EF9F849} = {2F1101EC-1AE4-4ABE-B048-7B3BEABE3C0D}
		{9A5F9AB4-D9F7-4719-A736-1C9D82D10AC3} = {2F1101EC-1AE4-4ABE-B048-7B3BEABE3C0D}
		{947F9430-C645-490E-A16F-3A9A71D4E885} = {4554FD40-9B1F-4221-B37C-72228286FB59}
		{A2C70565-AEDF-4DFF-99BF-30477DFB6B27} = {1DCBB779-BAE0-48CF-AA74-CD4B4762D708}
	EndGlobalSection
	GlobalSection(ExtensibilityGlobals) = postSolution
		SolutionGuid = {0334EBE8-DEBB-4832-BB65-9929A386DAEE}
	EndGlobalSection
EndGlobal
